
Microsoft Visual Studio Solution File, Format Version 12.00
# Visual Studio 15
Project("{FAE04EC0-301F-11D3-BF4B-00C04F79EFBC}") = "midterm_imgpuzzle", "midterm_imgpuzzle.csproj", "{D0047B33-137E-4EE9-B7A3-25ED61047CCF}"
EndProject
Global
	GlobalSection(SolutionConfigurationPlatforms) = preSolution
		Debug|Any CPU = Debug|Any CPU
		Release|Any CPU = Release|Any CPU
	EndGlobalSection
	GlobalSection(ProjectConfigurationPlatforms) = postSolution
		{D0047B33-137E-4EE9-B7A3-25ED61047CCF}.Debug|Any CPU.ActiveCfg = Debug|Any CPU
		{D0047B33-137E-4EE9-B7A3-25ED61047CCF}.Debug|Any CPU.Build.0 = Debug|Any CPU
		{D0047B33-137E-4EE9-B7A3-25ED61047CCF}.Release|Any CPU.ActiveCfg = Release|Any CPU
		{D0047B33-137E-4EE9-B7A3-25ED61047CCF}.Release|Any CPU.Build.0 = Release|Any CPU
	EndGlobalSection
EndGlobal
