{
    "version": 3,
    "terraform_version": "0.11.11",
    "serial": 6,
    "lineage": "00b67a61-4704-6a5e-1683-780b6680068e",
    "modules": [
        {
            "path": [
                "root"
            ],
            "outputs": {},
            "resources": {
                "azurerm_network_interface.helloterraformnic": {
                    "type": "azurerm_network_interface",
                    "depends_on": [
                        "azurerm_public_ip.helloterraformips",
                        "azurerm_resource_group.helloterraform",
                        "azurerm_subnet.helloterraformsubnet"
                    ],
                    "primary": {
                        "id": "/subscriptions/1cbdc612-7a04-47c7-b562-d71985ec9c10/resourceGroups/terraformtest/providers/Microsoft.Network/networkInterfaces/tfni",
                        "attributes": {
                            "applied_dns_servers.#": "0",
                            "dns_servers.#": "0",
                            "enable_accelerated_networking": "false",
                            "enable_ip_forwarding": "false",
                            "id": "/subscriptions/1cbdc612-7a04-47c7-b562-d71985ec9c10/resourceGroups/terraformtest/providers/Microsoft.Network/networkInterfaces/tfni",
                            "internal_dns_name_label": "",
                            "internal_fqdn": "",
                            "ip_configuration.#": "1",
                            "ip_configuration.0.application_gateway_backend_address_pools_ids.#": "0",
                            "ip_configuration.0.application_security_group_ids.#": "0",
                            "ip_configuration.0.load_balancer_backend_address_pools_ids.#": "0",
                            "ip_configuration.0.load_balancer_inbound_nat_rules_ids.#": "0",
                            "ip_configuration.0.name": "testconfiguration1",
                            "ip_configuration.0.primary": "true",
                            "ip_configuration.0.private_ip_address": "10.0.2.5",
                            "ip_configuration.0.private_ip_address_allocation": "static",
                            "ip_configuration.0.private_ip_address_version": "IPv4",
                            "ip_configuration.0.public_ip_address_id": "/subscriptions/1cbdc612-7a04-47c7-b562-d71985ec9c10/resourceGroups/terraformtest/providers/Microsoft.Network/publicIPAddresses/terraformtestip",
                            "ip_configuration.0.subnet_id": "/subscriptions/1cbdc612-7a04-47c7-b562-d71985ec9c10/resourceGroups/terraformtest/providers/Microsoft.Network/virtualNetworks/acctvn/subnets/acctsub",
                            "location": "eastus",
                            "mac_address": "00-0D-3A-1C-31-41",
                            "name": "tfni",
                            "network_security_group_id": "",
                            "private_ip_address": "10.0.2.5",
                            "private_ip_addresses.#": "1",
                            "private_ip_addresses.0": "10.0.2.5",
                            "resource_group_name": "terraformtest",
                            "tags.%": "0",
                            "virtual_machine_id": "/subscriptions/1cbdc612-7a04-47c7-b562-d71985ec9c10/resourceGroups/terraformtest/providers/Microsoft.Compute/virtualMachines/terraformvm"
                        },
                        "meta": {},
                        "tainted": false
                    },
                    "deposed": [],
                    "provider": "provider.azurerm"
                },
                "azurerm_public_ip.helloterraformips": {
                    "type": "azurerm_public_ip",
                    "depends_on": [
                        "azurerm_resource_group.helloterraform"
                    ],
                    "primary": {
                        "id": "/subscriptions/1cbdc612-7a04-47c7-b562-d71985ec9c10/resourceGroups/terraformtest/providers/Microsoft.Network/publicIPAddresses/terraformtestip",
                        "attributes": {
                            "allocation_method": "Dynamic",
                            "id": "/subscriptions/1cbdc612-7a04-47c7-b562-d71985ec9c10/resourceGroups/terraformtest/providers/Microsoft.Network/publicIPAddresses/terraformtestip",
                            "idle_timeout_in_minutes": "4",
                            "ip_address": "13.82.187.216",
                            "ip_version": "IPv4",
                            "location": "eastus",
                            "name": "terraformtestip",
                            "public_ip_address_allocation": "Dynamic",
                            "resource_group_name": "terraformtest",
                            "sku": "Basic",
                            "tags.%": "1",
                            "tags.environment": "TerraformDemo",
                            "zones.#": "0"
                        },
                        "meta": {},
                        "tainted": false
                    },
                    "deposed": [],
                    "provider": "provider.azurerm"
                },
                "azurerm_resource_group.helloterraform": {
                    "type": "azurerm_resource_group",
                    "depends_on": [],
                    "primary": {
                        "id": "/subscriptions/1cbdc612-7a04-47c7-b562-d71985ec9c10/resourceGroups/terraformtest",
                        "attributes": {
                            "id": "/subscriptions/1cbdc612-7a04-47c7-b562-d71985ec9c10/resourceGroups/terraformtest",
                            "location": "eastus",
                            "name": "terraformtest",
                            "tags.%": "0"
                        },
                        "meta": {},
                        "tainted": false
                    },
                    "deposed": [],
                    "provider": "provider.azurerm"
                },
                "azurerm_storage_account.helloterraformstorage": {
                    "type": "azurerm_storage_account",
                    "depends_on": [
                        "azurerm_resource_group.helloterraform"
                    ],
                    "primary": {
                        "id": "/subscriptions/1cbdc612-7a04-47c7-b562-d71985ec9c10/resourceGroups/terraformtest/providers/Microsoft.Storage/storageAccounts/helloterraformstorage1",
                        "attributes": {
                            "access_tier": "",
                            "account_encryption_source": "Microsoft.Storage",
                            "account_kind": "Storage",
                            "account_replication_type": "LRS",
                            "account_tier": "Standard",
                            "account_type": "Standard_LRS",
                            "enable_blob_encryption": "true",
                            "enable_file_encryption": "true",
                            "enable_https_traffic_only": "false",
                            "id": "/subscriptions/1cbdc612-7a04-47c7-b562-d71985ec9c10/resourceGroups/terraformtest/providers/Microsoft.Storage/storageAccounts/helloterraformstorage1",
                            "identity.#": "0",
                            "location": "eastus",
                            "name": "helloterraformstorage1",
                            "network_rules.#": "0",
                            "primary_access_key": "glvsHavCK44oFJiyRKexN76Xl0uuNDIORGpQVhl3tHH975ZFZhA++NLOd7zarnJAg0pdDDhCL8cWBMvEfMBk3A==",
                            "primary_blob_connection_string": "DefaultEndpointsProtocol=https;BlobEndpoint=https://helloterraformstorage1.blob.core.windows.net/;AccountName=helloterraformstorage1;AccountKey=glvsHavCK44oFJiyRKexN76Xl0uuNDIORGpQVhl3tHH975ZFZhA++NLOd7zarnJAg0pdDDhCL8cWBMvEfMBk3A==",
                            "primary_blob_endpoint": "https://helloterraformstorage1.blob.core.windows.net/",
                            "primary_blob_host": "helloterraformstorage1.blob.core.windows.net",
                            "primary_connection_string": "DefaultEndpointsProtocol=https;AccountName=helloterraformstorage1;AccountKey=glvsHavCK44oFJiyRKexN76Xl0uuNDIORGpQVhl3tHH975ZFZhA++NLOd7zarnJAg0pdDDhCL8cWBMvEfMBk3A==;EndpointSuffix=core.windows.net",
                            "primary_file_endpoint": "https://helloterraformstorage1.file.core.windows.net/",
                            "primary_file_host": "helloterraformstorage1.file.core.windows.net",
                            "primary_location": "eastus",
                            "primary_queue_endpoint": "https://helloterraformstorage1.queue.core.windows.net/",
                            "primary_queue_host": "helloterraformstorage1.queue.core.windows.net",
                            "primary_table_endpoint": "https://helloterraformstorage1.table.core.windows.net/",
                            "primary_table_host": "helloterraformstorage1.table.core.windows.net",
                            "resource_group_name": "terraformtest",
                            "secondary_access_key": "5u8Yvl82jsX9EF/llKnibPH5P2U7lq62uxTcJiy5cIhWTvJcUrC3uhItf+8hx4l+bzHdm/fosZ1078DuwHmVBA==",
                            "secondary_blob_connection_string": "",
                            "secondary_blob_endpoint": "",
                            "secondary_blob_host": "",
                            "secondary_connection_string": "DefaultEndpointsProtocol=https;AccountName=helloterraformstorage1;AccountKey=5u8Yvl82jsX9EF/llKnibPH5P2U7lq62uxTcJiy5cIhWTvJcUrC3uhItf+8hx4l+bzHdm/fosZ1078DuwHmVBA==;EndpointSuffix=core.windows.net",
                            "secondary_location": "",
                            "secondary_queue_endpoint": "",
                            "secondary_queue_host": "",
                            "secondary_table_endpoint": "",
                            "secondary_table_host": "",
                            "tags.%": "1",
                            "tags.environment": "staging"
                        },
                        "meta": {
                            "schema_version": "2"
                        },
                        "tainted": false
                    },
                    "deposed": [],
                    "provider": "provider.azurerm"
                },
                "azurerm_storage_container.helloterraformstoragestoragecontainer": {
                    "type": "azurerm_storage_container",
                    "depends_on": [
                        "azurerm_resource_group.helloterraform",
                        "azurerm_storage_account.helloterraformstorage"
                    ],
                    "primary": {
                        "id": "https://helloterraformstorage1.blob.core.windows.net/vhd",
                        "attributes": {
                            "container_access_type": "private",
                            "id": "https://helloterraformstorage1.blob.core.windows.net/vhd",
                            "name": "vhd",
                            "properties.%": "4",
                            "properties.last_modified": "Fri, 29 Mar 2019 21:42:14 GMT",
                            "properties.lease_duration": "infinite",
                            "properties.lease_state": "leased",
                            "properties.lease_status": "locked",
                            "resource_group_name": "terraformtest",
                            "storage_account_name": "helloterraformstorage1"
                        },
                        "meta": {
                            "schema_version": "1"
                        },
                        "tainted": false
                    },
                    "deposed": [],
                    "provider": "provider.azurerm"
                },
                "azurerm_subnet.helloterraformsubnet": {
                    "type": "azurerm_subnet",
                    "depends_on": [
                        "azurerm_resource_group.helloterraform",
                        "azurerm_virtual_network.helloterraformnetwork"
                    ],
                    "primary": {
                        "id": "/subscriptions/1cbdc612-7a04-47c7-b562-d71985ec9c10/resourceGroups/terraformtest/providers/Microsoft.Network/virtualNetworks/acctvn/subnets/acctsub",
                        "attributes": {
                            "address_prefix": "10.0.2.0/24",
                            "delegation.#": "0",
                            "id": "/subscriptions/1cbdc612-7a04-47c7-b562-d71985ec9c10/resourceGroups/terraformtest/providers/Microsoft.Network/virtualNetworks/acctvn/subnets/acctsub",
                            "ip_configurations.#": "1",
                            "ip_configurations.4173869366": "/subscriptions/1cbdc612-7a04-47c7-b562-d71985ec9c10/resourceGroups/terraformtest/providers/Microsoft.Network/networkInterfaces/tfni/ipConfigurations/testconfiguration1",
                            "name": "acctsub",
                            "network_security_group_id": "",
                            "resource_group_name": "terraformtest",
                            "route_table_id": "",
                            "service_endpoints.#": "0",
                            "virtual_network_name": "acctvn"
                        },
                        "meta": {},
                        "tainted": false
                    },
                    "deposed": [],
                    "provider": "provider.azurerm"
                },
                "azurerm_virtual_machine.helloterraformvm": {
                    "type": "azurerm_virtual_machine",
                    "depends_on": [
                        "azurerm_network_interface.helloterraformnic",
                        "azurerm_resource_group.helloterraform",
                        "azurerm_storage_account.helloterraformstorage",
                        "azurerm_storage_container.helloterraformstoragestoragecontainer"
                    ],
                    "primary": {
                        "id": "/subscriptions/1cbdc612-7a04-47c7-b562-d71985ec9c10/resourceGroups/terraformtest/providers/Microsoft.Compute/virtualMachines/terraformvm",
                        "attributes": {
                            "delete_data_disks_on_termination": "false",
                            "delete_os_disk_on_termination": "false",
                            "id": "/subscriptions/1cbdc612-7a04-47c7-b562-d71985ec9c10/resourceGroups/terraformtest/providers/Microsoft.Compute/virtualMachines/terraformvm",
                            "identity.#": "0",
                            "location": "eastus",
                            "name": "terraformvm",
                            "network_interface_ids.#": "1",
                            "network_interface_ids.0": "/subscriptions/1cbdc612-7a04-47c7-b562-d71985ec9c10/resourceGroups/terraformtest/providers/Microsoft.Network/networkInterfaces/tfni",
                            "os_profile.#": "1",
                            "os_profile.1173764063.admin_password": "",
                            "os_profile.1173764063.admin_username": "testadmin",
                            "os_profile.1173764063.computer_name": "hostname",
                            "os_profile.1173764063.custom_data": "",
                            "os_profile_linux_config.#": "1",
                            "os_profile_linux_config.2972667452.disable_password_authentication": "false",
                            "os_profile_linux_config.2972667452.ssh_keys.#": "0",
                            "os_profile_secrets.#": "0",
                            "os_profile_windows_config.#": "0",
                            "plan.#": "0",
                            "resource_group_name": "terraformtest",
                            "storage_data_disk.#": "0",
                            "storage_image_reference.#": "1",
                            "storage_image_reference.1846530774.id": "",
                            "storage_image_reference.1846530774.offer": "UbuntuServer",
                            "storage_image_reference.1846530774.publisher": "Canonical",
                            "storage_image_reference.1846530774.sku": "14.04.2-LTS",
                            "storage_image_reference.1846530774.version": "latest",
                            "storage_os_disk.#": "1",
                            "storage_os_disk.0.caching": "ReadWrite",
                            "storage_os_disk.0.create_option": "FromImage",
                            "storage_os_disk.0.disk_size_gb": "30",
                            "storage_os_disk.0.image_uri": "",
                            "storage_os_disk.0.managed_disk_id": "",
                            "storage_os_disk.0.managed_disk_type": "",
                            "storage_os_disk.0.name": "myosdisk",
                            "storage_os_disk.0.os_type": "Linux",
                            "storage_os_disk.0.vhd_uri": "https://helloterraformstorage1.blob.core.windows.net/vhd/myosdisk.vhd",
                            "storage_os_disk.0.write_accelerator_enabled": "false",
                            "tags.%": "1",
                            "tags.environment": "staging",
                            "vm_size": "Standard_A0",
                            "zones.#": "0"
                        },
                        "meta": {},
                        "tainted": false
                    },
                    "deposed": [],
                    "provider": "provider.azurerm"
                },
                "azurerm_virtual_network.helloterraformnetwork": {
                    "type": "azurerm_virtual_network",
                    "depends_on": [
                        "azurerm_resource_group.helloterraform"
                    ],
                    "primary": {
                        "id": "/subscriptions/1cbdc612-7a04-47c7-b562-d71985ec9c10/resourceGroups/terraformtest/providers/Microsoft.Network/virtualNetworks/acctvn",
                        "attributes": {
                            "address_space.#": "1",
                            "address_space.0": "10.0.0.0/16",
                            "ddos_protection_plan.#": "0",
                            "dns_servers.#": "0",
                            "id": "/subscriptions/1cbdc612-7a04-47c7-b562-d71985ec9c10/resourceGroups/terraformtest/providers/Microsoft.Network/virtualNetworks/acctvn",
                            "location": "eastus",
                            "name": "acctvn",
                            "resource_group_name": "terraformtest",
                            "subnet.#": "1",
                            "subnet.3476987968.address_prefix": "10.0.2.0/24",
                            "subnet.3476987968.id": "/subscriptions/1cbdc612-7a04-47c7-b562-d71985ec9c10/resourceGroups/terraformtest/providers/Microsoft.Network/virtualNetworks/acctvn/subnets/acctsub",
                            "subnet.3476987968.name": "acctsub",
                            "subnet.3476987968.security_group": "",
                            "tags.%": "0"
                        },
                        "meta": {},
                        "tainted": false
                    },
                    "deposed": [],
                    "provider": "provider.azurerm"
                }
            },
            "depends_on": []
        }
    ]
}
